
Microsoft Visual Studio Solution File, Format Version 12.00
# Visual Studio Version 17
VisualStudioVersion = 17.9.34622.214
MinimumVisualStudioVersion = 10.0.40219.1
Project("{FAE04EC0-301F-11D3-BF4B-00C04F79EFBC}") = "Interpol", "MainForm\Interpol.csproj", "{F2059938-3912-4E92-966E-806885F02DDF}"
EndProject
Global
	GlobalSection(SolutionConfigurationPlatforms) = preSolution
		Debug|Any CPU = Debug|Any CPU
		Release|Any CPU = Release|Any CPU
	EndGlobalSection
	GlobalSection(ProjectConfigurationPlatforms) = postSolution
		{F2059938-3912-4E92-966E-806885F02DDF}.Debug|Any CPU.ActiveCfg = Debug|Any CPU
		{F2059938-3912-4E92-966E-806885F02DDF}.Debug|Any CPU.Build.0 = Debug|Any CPU
		{F2059938-3912-4E92-966E-806885F02DDF}.Release|Any CPU.ActiveCfg = Release|Any CPU
		{F2059938-3912-4E92-966E-806885F02DDF}.Release|Any CPU.Build.0 = Release|Any CPU
	EndGlobalSection
	GlobalSection(SolutionProperties) = preSolution
		HideSolutionNode = FALSE
	EndGlobalSection
	GlobalSection(ExtensibilityGlobals) = postSolution
		SolutionGuid = {88355DD7-F7D8-4A8A-A737-5EE8CB4B5803}
	EndGlobalSection
EndGlobal
